
Microsoft Visual Studio Solution File, Format Version 12.00
# Visual Studio 15
VisualStudioVersion = 15.0.27428.2037
MinimumVisualStudioVersion = 10.0.40219.1
Project("{9A19103F-16F7-4668-BE54-9A1E7A4F7556}") = "api", "api\api.csproj", "{D6423EFB-2C9A-4BA1-9024-1113258170B0}"
EndProject
Project("{FAE04EC0-301F-11D3-BF4B-00C04F79EFBC}") = "app", "app\app.csproj", "{B8EE262F-C2A2-4C79-A028-79FC3B6A6A38}"
EndProject
Project("{9A19103F-16F7-4668-BE54-9A1E7A4F7556}") = "AdminTools.Data", "AdminTools.DataLayer\AdminTools.Data.csproj", "{CF089C66-7CC1-414D-A664-9DA46075B356}"
EndProject
Project("{9A19103F-16F7-4668-BE54-9A1E7A4F7556}") = "AdminTools.Tests", "AdminTools.DataLayer.Tests\AdminTools.Tests.csproj", "{02A490C1-9585-4605-81D0-7031312E02E7}"
EndProject
Project("{FAE04EC0-301F-11D3-BF4B-00C04F79EFBC}") = "AdminTools.BusinessLogic", "AdminTools.BusinessLogic\AdminTools.BusinessLogic.csproj", "{D7691D63-B924-4DF1-A7E3-6F4214C1E282}"
EndProject
Global
	GlobalSection(SolutionConfigurationPlatforms) = preSolution
		Debug|Any CPU = Debug|Any CPU
		Release|Any CPU = Release|Any CPU
	EndGlobalSection
	GlobalSection(ProjectConfigurationPlatforms) = postSolution
		{D6423EFB-2C9A-4BA1-9024-1113258170B0}.Debug|Any CPU.ActiveCfg = Debug|Any CPU
		{D6423EFB-2C9A-4BA1-9024-1113258170B0}.Debug|Any CPU.Build.0 = Debug|Any CPU
		{D6423EFB-2C9A-4BA1-9024-1113258170B0}.Release|Any CPU.ActiveCfg = Release|Any CPU
		{D6423EFB-2C9A-4BA1-9024-1113258170B0}.Release|Any CPU.Build.0 = Release|Any CPU
		{B8EE262F-C2A2-4C79-A028-79FC3B6A6A38}.Debug|Any CPU.ActiveCfg = Debug|Any CPU
		{B8EE262F-C2A2-4C79-A028-79FC3B6A6A38}.Debug|Any CPU.Build.0 = Debug|Any CPU
		{B8EE262F-C2A2-4C79-A028-79FC3B6A6A38}.Release|Any CPU.ActiveCfg = Release|Any CPU
		{B8EE262F-C2A2-4C79-A028-79FC3B6A6A38}.Release|Any CPU.Build.0 = Release|Any CPU
		{CF089C66-7CC1-414D-A664-9DA46075B356}.Debug|Any CPU.ActiveCfg = Debug|Any CPU
		{CF089C66-7CC1-414D-A664-9DA46075B356}.Debug|Any CPU.Build.0 = Debug|Any CPU
		{CF089C66-7CC1-414D-A664-9DA46075B356}.Release|Any CPU.ActiveCfg = Release|Any CPU
		{CF089C66-7CC1-414D-A664-9DA46075B356}.Release|Any CPU.Build.0 = Release|Any CPU
		{02A490C1-9585-4605-81D0-7031312E02E7}.Debug|Any CPU.ActiveCfg = Debug|Any CPU
		{02A490C1-9585-4605-81D0-7031312E02E7}.Debug|Any CPU.Build.0 = Debug|Any CPU
		{02A490C1-9585-4605-81D0-7031312E02E7}.Release|Any CPU.ActiveCfg = Release|Any CPU
		{02A490C1-9585-4605-81D0-7031312E02E7}.Release|Any CPU.Build.0 = Release|Any CPU
		{D7691D63-B924-4DF1-A7E3-6F4214C1E282}.Debug|Any CPU.ActiveCfg = Debug|Any CPU
		{D7691D63-B924-4DF1-A7E3-6F4214C1E282}.Debug|Any CPU.Build.0 = Debug|Any CPU
		{D7691D63-B924-4DF1-A7E3-6F4214C1E282}.Release|Any CPU.ActiveCfg = Release|Any CPU
		{D7691D63-B924-4DF1-A7E3-6F4214C1E282}.Release|Any CPU.Build.0 = Release|Any CPU
	EndGlobalSection
	GlobalSection(SolutionProperties) = preSolution
		HideSolutionNode = FALSE
	EndGlobalSection
	GlobalSection(ExtensibilityGlobals) = postSolution
		SolutionGuid = {F074530F-17BC-435D-BA4A-871AD7A9C473}
	EndGlobalSection
EndGlobal
